
Microsoft Visual Studio Solution File, Format Version 9.00
# Visual Studio 2005
Project("{FAE04EC0-301F-11D3-BF4B-00C04F79EFBC}") = "DecalPluginOrderer", "DecalPluginOrderer\DecalPluginOrderer.csproj", "{61D7690E-52B7-46D3-859E-BE496DB18817}"
EndProject
Global
	GlobalSection(SolutionConfigurationPlatforms) = preSolution
		Debug|Any CPU = Debug|Any CPU
		Release|Any CPU = Release|Any CPU
	EndGlobalSection
	GlobalSection(ProjectConfigurationPlatforms) = postSolution
		{61D7690E-52B7-46D3-859E-BE496DB18817}.Debug|Any CPU.ActiveCfg = Debug|Any CPU
		{61D7690E-52B7-46D3-859E-BE496DB18817}.Debug|Any CPU.Build.0 = Debug|Any CPU
		{61D7690E-52B7-46D3-859E-BE496DB18817}.Release|Any CPU.ActiveCfg = Release|Any CPU
		{61D7690E-52B7-46D3-859E-BE496DB18817}.Release|Any CPU.Build.0 = Release|Any CPU
	EndGlobalSection
	GlobalSection(SolutionProperties) = preSolution
		HideSolutionNode = FALSE
	EndGlobalSection
EndGlobal
