
Microsoft Visual Studio Solution File, Format Version 9.00
# Visual Studio 2005
Project("{FAE04EC0-301F-11D3-BF4B-00C04F79EFBC}") = "Spellbar Saver", "Spellbar Saver\Spellbar Saver.csproj", "{FABA6E3C-718D-4868-9A95-FF5CC661FBA0}"
EndProject
Project("{54435603-DBB4-11D2-8724-00A0C9A8B90C}") = "Spellbar Saver Installer", "Installer\Installer.vdproj", "{AFABBA00-474B-496F-8F42-F83D24301C5F}"
EndProject
Global
	GlobalSection(SolutionConfigurationPlatforms) = preSolution
		Debug AC|Any CPU = Debug AC|Any CPU
		Debug D3D|Any CPU = Debug D3D|Any CPU
		Debug|Any CPU = Debug|Any CPU
		Release|Any CPU = Release|Any CPU
	EndGlobalSection
	GlobalSection(ProjectConfigurationPlatforms) = postSolution
		{FABA6E3C-718D-4868-9A95-FF5CC661FBA0}.Debug AC|Any CPU.ActiveCfg = Debug|Any CPU
		{FABA6E3C-718D-4868-9A95-FF5CC661FBA0}.Debug AC|Any CPU.Build.0 = Debug|Any CPU
		{FABA6E3C-718D-4868-9A95-FF5CC661FBA0}.Debug D3D|Any CPU.ActiveCfg = Debug D3D|Any CPU
		{FABA6E3C-718D-4868-9A95-FF5CC661FBA0}.Debug D3D|Any CPU.Build.0 = Debug D3D|Any CPU
		{FABA6E3C-718D-4868-9A95-FF5CC661FBA0}.Debug|Any CPU.ActiveCfg = Debug|Any CPU
		{FABA6E3C-718D-4868-9A95-FF5CC661FBA0}.Debug|Any CPU.Build.0 = Debug|Any CPU
		{FABA6E3C-718D-4868-9A95-FF5CC661FBA0}.Release|Any CPU.ActiveCfg = Release|Any CPU
		{FABA6E3C-718D-4868-9A95-FF5CC661FBA0}.Release|Any CPU.Build.0 = Release|Any CPU
		{AFABBA00-474B-496F-8F42-F83D24301C5F}.Debug AC|Any CPU.ActiveCfg = Debug
		{AFABBA00-474B-496F-8F42-F83D24301C5F}.Debug D3D|Any CPU.ActiveCfg = Debug
		{AFABBA00-474B-496F-8F42-F83D24301C5F}.Debug|Any CPU.ActiveCfg = Debug
		{AFABBA00-474B-496F-8F42-F83D24301C5F}.Release|Any CPU.ActiveCfg = Release
		{AFABBA00-474B-496F-8F42-F83D24301C5F}.Release|Any CPU.Build.0 = Release
	EndGlobalSection
	GlobalSection(SolutionProperties) = preSolution
		HideSolutionNode = FALSE
	EndGlobalSection
EndGlobal
